{
  "name": "rackwerk-dev-tools",
  "lockfileVersion": 3,
  "requires": true,
  "packages": {
    "": {
      "name": "rackwerk-dev-tools",
      "devDependencies": {
        "@grame/faustwasm": "^0.16.6"
      }
    },
    "../../../opt/node22/lib/node_modules/playwright": {
      "version": "1.56.1",
      "extraneous": true,
      "license": "Apache-2.0",
      "dependencies": {
        "playwright-core": "1.56.1"
      },
      "bin": {
        "playwright": "cli.js"
      },
      "engines": {
        "node": ">=18"
      },
      "optionalDependencies": {
        "fsevents": "2.3.2"
      }
    },
    "node_modules/@grame/faustwasm": {
      "version": "0.16.6",
      "resolved": "https://registry.npmjs.org/@grame/faustwasm/-/faustwasm-0.16.6.tgz",
      "integrity": "sha512-g6kBMW+syyf8IGvScATeEZlDZzjtaMgoe4ykEg/GHckAcKcU0RviYR6yljm6vD5KxUrbGXCIegnWd8ZH4z+kgA==",
      "dev": true,
      "license": "LGPL-3.0",
      "dependencies": {
        "@types/emscripten": "^1.39.10"
      },
      "bin": {
        "faust2sndfile-ts": "scripts/faust2sndfile.js",
        "faust2svg-ts": "scripts/faust2svg.js",
        "faust2wasm-ts": "scripts/faust2wasm.js"
      }
    },
    "node_modules/@types/emscripten": {
      "version": "1.41.5",
      "resolved": "https://registry.npmjs.org/@types/emscripten/-/emscripten-1.41.5.tgz",
      "integrity": "sha512-cMQm7pxu6BxtHyqJ7mQZ2kXWV5SLmugybFdHCBbJ5eHzOo6VhBckEgAT3//rP5FwPHNPeEiq4SmQ5ucBwsOo4Q==",
      "dev": true,
      "license": "MIT"
    }
  }
}
